
Microsoft Visual Studio Solution File, Format Version 12.00
# Visual Studio Version 16
VisualStudioVersion = 16.0.31313.79
MinimumVisualStudioVersion = 10.0.40219.1
Project("{FAE04EC0-301F-11D3-BF4B-00C04F79EFBC}") = "EmployeeWage", "EmployeeWage.csproj", "{8E635293-6940-43D0-A5AB-E7541916A2DB}"
EndProject
Global
	GlobalSection(SolutionConfigurationPlatforms) = preSolution
		Debug|Any CPU = Debug|Any CPU
		Release|Any CPU = Release|Any CPU
	EndGlobalSection
	GlobalSection(ProjectConfigurationPlatforms) = postSolution
		{8E635293-6940-43D0-A5AB-E7541916A2DB}.Debug|Any CPU.ActiveCfg = Debug|Any CPU
		{8E635293-6940-43D0-A5AB-E7541916A2DB}.Debug|Any CPU.Build.0 = Debug|Any CPU
		{8E635293-6940-43D0-A5AB-E7541916A2DB}.Release|Any CPU.ActiveCfg = Release|Any CPU
		{8E635293-6940-43D0-A5AB-E7541916A2DB}.Release|Any CPU.Build.0 = Release|Any CPU
	EndGlobalSection
	GlobalSection(SolutionProperties) = preSolution
		HideSolutionNode = FALSE
	EndGlobalSection
	GlobalSection(ExtensibilityGlobals) = postSolution
		SolutionGuid = {92191353-1634-420D-8E01-A05565E61848}
	EndGlobalSection
EndGlobal
